
Microsoft Visual Studio Solution File, Format Version 12.00
# Visual Studio 15
VisualStudioVersion = 15.0.27428.2037
MinimumVisualStudioVersion = 10.0.40219.1
Project("{FAE04EC0-301F-11D3-BF4B-00C04F79EFBC}") = "AreaCalculatorLibrary", "AreaCalculatorLibrary\AreaCalculatorLibrary.csproj", "{640E27EE-D502-4369-A66A-80B36EFD1E41}"
EndProject
Project("{FAE04EC0-301F-11D3-BF4B-00C04F79EFBC}") = "AreaCalculatorLibraryTest", "AreaCalculatorLibraryTest\AreaCalculatorLibraryTest.csproj", "{6447DC86-41C4-435C-A4F7-AE9CC883574D}"
EndProject
Global
	GlobalSection(SolutionConfigurationPlatforms) = preSolution
		Debug|Any CPU = Debug|Any CPU
		Release|Any CPU = Release|Any CPU
	EndGlobalSection
	GlobalSection(ProjectConfigurationPlatforms) = postSolution
		{640E27EE-D502-4369-A66A-80B36EFD1E41}.Debug|Any CPU.ActiveCfg = Debug|Any CPU
		{640E27EE-D502-4369-A66A-80B36EFD1E41}.Debug|Any CPU.Build.0 = Debug|Any CPU
		{640E27EE-D502-4369-A66A-80B36EFD1E41}.Release|Any CPU.ActiveCfg = Release|Any CPU
		{640E27EE-D502-4369-A66A-80B36EFD1E41}.Release|Any CPU.Build.0 = Release|Any CPU
		{6447DC86-41C4-435C-A4F7-AE9CC883574D}.Debug|Any CPU.ActiveCfg = Debug|Any CPU
		{6447DC86-41C4-435C-A4F7-AE9CC883574D}.Debug|Any CPU.Build.0 = Debug|Any CPU
		{6447DC86-41C4-435C-A4F7-AE9CC883574D}.Release|Any CPU.ActiveCfg = Release|Any CPU
		{6447DC86-41C4-435C-A4F7-AE9CC883574D}.Release|Any CPU.Build.0 = Release|Any CPU
	EndGlobalSection
	GlobalSection(SolutionProperties) = preSolution
		HideSolutionNode = FALSE
	EndGlobalSection
	GlobalSection(ExtensibilityGlobals) = postSolution
		SolutionGuid = {491CC266-ACC7-4ACB-B350-627BE6CE3333}
	EndGlobalSection
EndGlobal
